
Microsoft Visual Studio Solution File, Format Version 12.00
# Visual Studio Version 17
VisualStudioVersion = 17.6.33815.320
MinimumVisualStudioVersion = 10.0.40219.1
Project("{FAE04EC0-301F-11D3-BF4B-00C04F79EFBC}") = "WhatappBotAnaSophia", "WhatappBotAnaSophia\WhatappBotAnaSophia.csproj", "{DDD9F606-3A03-41EB-AE71-C54A4A47CE39}"
EndProject
Global
	GlobalSection(SolutionConfigurationPlatforms) = preSolution
		Debug|Any CPU = Debug|Any CPU
		Release|Any CPU = Release|Any CPU
	EndGlobalSection
	GlobalSection(ProjectConfigurationPlatforms) = postSolution
		{DDD9F606-3A03-41EB-AE71-C54A4A47CE39}.Debug|Any CPU.ActiveCfg = Debug|Any CPU
		{DDD9F606-3A03-41EB-AE71-C54A4A47CE39}.Debug|Any CPU.Build.0 = Debug|Any CPU
		{DDD9F606-3A03-41EB-AE71-C54A4A47CE39}.Release|Any CPU.ActiveCfg = Release|Any CPU
		{DDD9F606-3A03-41EB-AE71-C54A4A47CE39}.Release|Any CPU.Build.0 = Release|Any CPU
	EndGlobalSection
	GlobalSection(SolutionProperties) = preSolution
		HideSolutionNode = FALSE
	EndGlobalSection
	GlobalSection(ExtensibilityGlobals) = postSolution
		SolutionGuid = {0E11B996-CB2B-408C-A922-2F09B2F10B60}
	EndGlobalSection
EndGlobal
